Microsoft Visual Studio Solution File, Format Version 12.00
# Visual Studio Version 17
VisualStudioVersion = 17.5.2.0
MinimumVisualStudioVersion = 10.0.40219.1
Project("{FAE04EC0-301F-11D3-BF4B-00C04F79EFBC}") = "Leave Managment Sytem", "Leave Managment Sytem.csproj", "{B5B81C08-F1E9-EF12-33F6-B0780A8ED7E1}"
EndProject
Global
	GlobalSection(SolutionConfigurationPlatforms) = preSolution
		Debug|Any CPU = Debug|Any CPU
		Release|Any CPU = Release|Any CPU
	EndGlobalSection
	GlobalSection(ProjectConfigurationPlatforms) = postSolution
		{B5B81C08-F1E9-EF12-33F6-B0780A8ED7E1}.Debug|Any CPU.ActiveCfg = Debug|Any CPU
		{B5B81C08-F1E9-EF12-33F6-B0780A8ED7E1}.Debug|Any CPU.Build.0 = Debug|Any CPU
		{B5B81C08-F1E9-EF12-33F6-B0780A8ED7E1}.Release|Any CPU.ActiveCfg = Release|Any CPU
		{B5B81C08-F1E9-EF12-33F6-B0780A8ED7E1}.Release|Any CPU.Build.0 = Release|Any CPU
	EndGlobalSection
	GlobalSection(SolutionProperties) = preSolution
		HideSolutionNode = FALSE
	EndGlobalSection
	GlobalSection(ExtensibilityGlobals) = postSolution
		SolutionGuid = {B2C46299-4F6E-4B02-B6D4-67B301D667E0}
	EndGlobalSection
EndGlobal
